Microsoft Visual Studio Solution File, Format Version 12.00
# Visual Studio Version 17
VisualStudioVersion = 17.5.2.0
MinimumVisualStudioVersion = 10.0.40219.1
Project("{FAE04EC0-301F-11D3-BF4B-00C04F79EFBC}") = "SoccerlineApp", "SoccerlineApp.csproj", "{29277EFD-B162-7AFD-2888-A2472E0A891F}"
EndProject
Global
	GlobalSection(SolutionConfigurationPlatforms) = preSolution
		Debug|Any CPU = Debug|Any CPU
		Release|Any CPU = Release|Any CPU
	EndGlobalSection
	GlobalSection(ProjectConfigurationPlatforms) = postSolution
		{29277EFD-B162-7AFD-2888-A2472E0A891F}.Debug|Any CPU.ActiveCfg = Debug|Any CPU
		{29277EFD-B162-7AFD-2888-A2472E0A891F}.Debug|Any CPU.Build.0 = Debug|Any CPU
		{29277EFD-B162-7AFD-2888-A2472E0A891F}.Release|Any CPU.ActiveCfg = Release|Any CPU
		{29277EFD-B162-7AFD-2888-A2472E0A891F}.Release|Any CPU.Build.0 = Release|Any CPU
	EndGlobalSection
	GlobalSection(SolutionProperties) = preSolution
		HideSolutionNode = FALSE
	EndGlobalSection
	GlobalSection(ExtensibilityGlobals) = postSolution
		SolutionGuid = {A95C8D12-BBDD-4F62-9DC9-9E9C172951E8}
	EndGlobalSection
EndGlobal
